
Microsoft Visual Studio Solution File, Format Version 12.00
# Visual Studio 15
VisualStudioVersion = 15.0.28307.645
MinimumVisualStudioVersion = 10.0.40219.1
Project("{FAE04EC0-301F-11D3-BF4B-00C04F79EFBC}") = "UnitTest_SudokuValidator", "UnitTest_SudokuValidator\UnitTest_SudokuValidator.csproj", "{EC930F76-864F-4602-B5E3-B918AB85C395}"
EndProject
Global
	GlobalSection(SolutionConfigurationPlatforms) = preSolution
		Debug|Any CPU = Debug|Any CPU
		Release|Any CPU = Release|Any CPU
	EndGlobalSection
	GlobalSection(ProjectConfigurationPlatforms) = postSolution
		{EC930F76-864F-4602-B5E3-B918AB85C395}.Debug|Any CPU.ActiveCfg = Debug|Any CPU
		{EC930F76-864F-4602-B5E3-B918AB85C395}.Debug|Any CPU.Build.0 = Debug|Any CPU
		{EC930F76-864F-4602-B5E3-B918AB85C395}.Release|Any CPU.ActiveCfg = Release|Any CPU
		{EC930F76-864F-4602-B5E3-B918AB85C395}.Release|Any CPU.Build.0 = Release|Any CPU
	EndGlobalSection
	GlobalSection(SolutionProperties) = preSolution
		HideSolutionNode = FALSE
	EndGlobalSection
	GlobalSection(ExtensibilityGlobals) = postSolution
		SolutionGuid = {FEC4D407-7566-4F65-9E62-CF54FDC7F2FB}
	EndGlobalSection
EndGlobal
